<Solution>
  <Folder Name="/src/">
    <Project Path="src/GestaoPedidos.Api/GestaoPedidos.Api.csproj" />
    <Project Path="src/GestaoPedidos.Application/GestaoPedidos.Application.csproj" />
    <Project Path="src/GestaoPedidos.Domain/GestaoPedidos.Domain.csproj" />
    <Project Path="src/GestaoPedidos.Infrastructure/GestaoPedidos.Infrastructure.csproj" />
  </Folder>
  <Folder Name="/tests/">
    <Project Path="tests/GestaoPedidos.Application.Tests/GestaoPedidos.Application.Tests.csproj" />
    <Project Path="tests/GestaoPedidos.Domain.Tests/GestaoPedidos.Domain.Tests.csproj" />
  </Folder>
</Solution>
